
Microsoft Visual Studio Solution File, Format Version 12.00
# Visual Studio Version 16
VisualStudioVersion = 16.0.30621.155
MinimumVisualStudioVersion = 10.0.40219.1
Project("{FAE04EC0-301F-11D3-BF4B-00C04F79EFBC}") = "TeamDotnet", "TeamDotnet\TeamDotnet.csproj", "{83EF221E-9CB7-46A2-9912-35D2AAC15FC1}"
EndProject
Global
	GlobalSection(SolutionConfigurationPlatforms) = preSolution
		Debug|Any CPU = Debug|Any CPU
		Release|Any CPU = Release|Any CPU
	EndGlobalSection
	GlobalSection(ProjectConfigurationPlatforms) = postSolution
		{83EF221E-9CB7-46A2-9912-35D2AAC15FC1}.Debug|Any CPU.ActiveCfg = Debug|Any CPU
		{83EF221E-9CB7-46A2-9912-35D2AAC15FC1}.Debug|Any CPU.Build.0 = Debug|Any CPU
		{83EF221E-9CB7-46A2-9912-35D2AAC15FC1}.Release|Any CPU.ActiveCfg = Release|Any CPU
		{83EF221E-9CB7-46A2-9912-35D2AAC15FC1}.Release|Any CPU.Build.0 = Release|Any CPU
	EndGlobalSection
	GlobalSection(SolutionProperties) = preSolution
		HideSolutionNode = FALSE
	EndGlobalSection
	GlobalSection(ExtensibilityGlobals) = postSolution
		SolutionGuid = {D15BABD6-43E1-4286-B90C-DCCA628F2CC0}
	EndGlobalSection
EndGlobal
